
Microsoft Visual Studio Solution File, Format Version 12.00
# Visual Studio Version 16
VisualStudioVersion = 16.0.31624.102
MinimumVisualStudioVersion = 10.0.40219.1
Project("{2150E333-8FDC-42A3-9474-1A3956D46DE8}") = "src", "src", "{0D81149D-AB80-41C1-BBA7-1EF342C29174}"
EndProject
Project("{2150E333-8FDC-42A3-9474-1A3956D46DE8}") = "Building Blocks", "Building Blocks", "{94BF7CC9-2E2D-485D-97C0-FBC94FF59BF5}"
EndProject
Project("{2150E333-8FDC-42A3-9474-1A3956D46DE8}") = "Web", "Web", "{ADC966A4-137F-469C-A794-D3B95671A039}"
EndProject
Project("{2150E333-8FDC-42A3-9474-1A3956D46DE8}") = "Services", "Services", "{B9023069-F972-4EB9-9097-B1675C120CE2}"
EndProject
Project("{2150E333-8FDC-42A3-9474-1A3956D46DE8}") = "Identidade", "Identidade", "{E70D3BD7-C74B-4399-B245-07A38967918B}"
EndProject
Project("{FAE04EC0-301F-11D3-BF4B-00C04F79EFBC}") = "ASE.Identidade.API", "src\services\ASE.Identidade.API\ASE.Identidade.API.csproj", "{CBD86C16-0EB8-41EC-BBA8-725319B9773D}"
EndProject
Project("{2150E333-8FDC-42A3-9474-1A3956D46DE8}") = "MVC", "MVC", "{31EB42DB-CBF7-4DA4-BDEA-F7798D69F015}"
EndProject
Project("{FAE04EC0-301F-11D3-BF4B-00C04F79EFBC}") = "ASE.WebApp.MVC", "src\web\ASE.WebApp.MVC\ASE.WebApp.MVC.csproj", "{E19EF592-7FA4-41AB-8369-2222D753B388}"
EndProject
Project("{2150E333-8FDC-42A3-9474-1A3956D46DE8}") = "Core", "Core", "{CD79AE55-9794-44E8-80BF-8E7753E4A008}"
EndProject
Project("{FAE04EC0-301F-11D3-BF4B-00C04F79EFBC}") = "ASE.Core", "src\building blocks\ASE.Core\ASE.Core.csproj", "{950421BE-1C1B-49E6-8012-E506F9B98620}"
EndProject
Project("{2150E333-8FDC-42A3-9474-1A3956D46DE8}") = "Carrinho", "Carrinho", "{10C1D6A9-CEBC-4B63-B849-00A64F2A0CDB}"
EndProject
Project("{FAE04EC0-301F-11D3-BF4B-00C04F79EFBC}") = "ASE.Carrinho.API", "src\services\ASE.Carrinho.API\ASE.Carrinho.API.csproj", "{5DBB261A-FFF7-46A5-ADCF-45FDAA5EA98B}"
EndProject
Project("{2150E333-8FDC-42A3-9474-1A3956D46DE8}") = "Catalogo", "Catalogo", "{5610454E-E354-4A10-99D3-B18B5578D572}"
EndProject
Project("{FAE04EC0-301F-11D3-BF4B-00C04F79EFBC}") = "ASE.Catalogo.API", "src\services\ASE.Catalogo.API\ASE.Catalogo.API.csproj", "{1B39C681-2BB0-4D60-A17C-C36EFCEA0719}"
EndProject
Project("{2150E333-8FDC-42A3-9474-1A3956D46DE8}") = "Cliente", "Cliente", "{CFB58772-FD9B-458B-82F5-0284CA5AC8D5}"
EndProject
Project("{FAE04EC0-301F-11D3-BF4B-00C04F79EFBC}") = "ASE.Cliente.API", "src\services\ASE.Cliente.API\ASE.Cliente.API.csproj", "{0FF4C87E-E882-4EF8-8A45-903A5F2270F7}"
EndProject
Project("{2150E333-8FDC-42A3-9474-1A3956D46DE8}") = "Pagamento", "Pagamento", "{FBB05480-3E5D-4BED-A0F7-EB469C3CBFE2}"
EndProject
Project("{2150E333-8FDC-42A3-9474-1A3956D46DE8}") = "Pedido", "Pedido", "{587AF029-763B-4152-91C1-FDEFF6BCBF9B}"
EndProject
Project("{FAE04EC0-301F-11D3-BF4B-00C04F79EFBC}") = "ASE.Pagamento.API", "src\services\ASE.Pagamento.API\ASE.Pagamento.API.csproj", "{ED6048CA-F309-498A-83E9-B13C0D7FE93C}"
EndProject
Project("{FAE04EC0-301F-11D3-BF4B-00C04F79EFBC}") = "ASE.Pedido.API", "src\services\ASE.Pedido.API\ASE.Pedido.API.csproj", "{A5FDE2EF-DA7B-4CB0-BFAD-04B7A021BB6E}"
EndProject
Global
	GlobalSection(SolutionConfigurationPlatforms) = preSolution
		Debug|Any CPU = Debug|Any CPU
		Release|Any CPU = Release|Any CPU
	EndGlobalSection
	GlobalSection(ProjectConfigurationPlatforms) = postSolution
		{CBD86C16-0EB8-41EC-BBA8-725319B9773D}.Debug|Any CPU.ActiveCfg = Debug|Any CPU
		{CBD86C16-0EB8-41EC-BBA8-725319B9773D}.Debug|Any CPU.Build.0 = Debug|Any CPU
		{CBD86C16-0EB8-41EC-BBA8-725319B9773D}.Release|Any CPU.ActiveCfg = Release|Any CPU
		{CBD86C16-0EB8-41EC-BBA8-725319B9773D}.Release|Any CPU.Build.0 = Release|Any CPU
		{E19EF592-7FA4-41AB-8369-2222D753B388}.Debug|Any CPU.ActiveCfg = Debug|Any CPU
		{E19EF592-7FA4-41AB-8369-2222D753B388}.Debug|Any CPU.Build.0 = Debug|Any CPU
		{E19EF592-7FA4-41AB-8369-2222D753B388}.Release|Any CPU.ActiveCfg = Release|Any CPU
		{E19EF592-7FA4-41AB-8369-2222D753B388}.Release|Any CPU.Build.0 = Release|Any CPU
		{950421BE-1C1B-49E6-8012-E506F9B98620}.Debug|Any CPU.ActiveCfg = Debug|Any CPU
		{950421BE-1C1B-49E6-8012-E506F9B98620}.Debug|Any CPU.Build.0 = Debug|Any CPU
		{950421BE-1C1B-49E6-8012-E506F9B98620}.Release|Any CPU.ActiveCfg = Release|Any CPU
		{950421BE-1C1B-49E6-8012-E506F9B98620}.Release|Any CPU.Build.0 = Release|Any CPU
		{5DBB261A-FFF7-46A5-ADCF-45FDAA5EA98B}.Debug|Any CPU.ActiveCfg = Debug|Any CPU
		{5DBB261A-FFF7-46A5-ADCF-45FDAA5EA98B}.Debug|Any CPU.Build.0 = Debug|Any CPU
		{5DBB261A-FFF7-46A5-ADCF-45FDAA5EA98B}.Release|Any CPU.ActiveCfg = Release|Any CPU
		{5DBB261A-FFF7-46A5-ADCF-45FDAA5EA98B}.Release|Any CPU.Build.0 = Release|Any CPU
		{1B39C681-2BB0-4D60-A17C-C36EFCEA0719}.Debug|Any CPU.ActiveCfg = Debug|Any CPU
		{1B39C681-2BB0-4D60-A17C-C36EFCEA0719}.Debug|Any CPU.Build.0 = Debug|Any CPU
		{1B39C681-2BB0-4D60-A17C-C36EFCEA0719}.Release|Any CPU.ActiveCfg = Release|Any CPU
		{1B39C681-2BB0-4D60-A17C-C36EFCEA0719}.Release|Any CPU.Build.0 = Release|Any CPU
		{0FF4C87E-E882-4EF8-8A45-903A5F2270F7}.Debug|Any CPU.ActiveCfg = Debug|Any CPU
		{0FF4C87E-E882-4EF8-8A45-903A5F2270F7}.Debug|Any CPU.Build.0 = Debug|Any CPU
		{0FF4C87E-E882-4EF8-8A45-903A5F2270F7}.Release|Any CPU.ActiveCfg = Release|Any CPU
		{0FF4C87E-E882-4EF8-8A45-903A5F2270F7}.Release|Any CPU.Build.0 = Release|Any CPU
		{ED6048CA-F309-498A-83E9-B13C0D7FE93C}.Debug|Any CPU.ActiveCfg = Debug|Any CPU
		{ED6048CA-F309-498A-83E9-B13C0D7FE93C}.Debug|Any CPU.Build.0 = Debug|Any CPU
		{ED6048CA-F309-498A-83E9-B13C0D7FE93C}.Release|Any CPU.ActiveCfg = Release|Any CPU
		{ED6048CA-F309-498A-83E9-B13C0D7FE93C}.Release|Any CPU.Build.0 = Release|Any CPU
		{A5FDE2EF-DA7B-4CB0-BFAD-04B7A021BB6E}.Debug|Any CPU.ActiveCfg = Debug|Any CPU
		{A5FDE2EF-DA7B-4CB0-BFAD-04B7A021BB6E}.Debug|Any CPU.Build.0 = Debug|Any CPU
		{A5FDE2EF-DA7B-4CB0-BFAD-04B7A021BB6E}.Release|Any CPU.ActiveCfg = Release|Any CPU
		{A5FDE2EF-DA7B-4CB0-BFAD-04B7A021BB6E}.Release|Any CPU.Build.0 = Release|Any CPU
	EndGlobalSection
	GlobalSection(SolutionProperties) = preSolution
		HideSolutionNode = FALSE
	EndGlobalSection
	GlobalSection(NestedProjects) = preSolution
		{94BF7CC9-2E2D-485D-97C0-FBC94FF59BF5} = {0D81149D-AB80-41C1-BBA7-1EF342C29174}
		{ADC966A4-137F-469C-A794-D3B95671A039} = {0D81149D-AB80-41C1-BBA7-1EF342C29174}
		{B9023069-F972-4EB9-9097-B1675C120CE2} = {0D81149D-AB80-41C1-BBA7-1EF342C29174}
		{E70D3BD7-C74B-4399-B245-07A38967918B} = {B9023069-F972-4EB9-9097-B1675C120CE2}
		{CBD86C16-0EB8-41EC-BBA8-725319B9773D} = {E70D3BD7-C74B-4399-B245-07A38967918B}
		{31EB42DB-CBF7-4DA4-BDEA-F7798D69F015} = {ADC966A4-137F-469C-A794-D3B95671A039}
		{E19EF592-7FA4-41AB-8369-2222D753B388} = {31EB42DB-CBF7-4DA4-BDEA-F7798D69F015}
		{CD79AE55-9794-44E8-80BF-8E7753E4A008} = {94BF7CC9-2E2D-485D-97C0-FBC94FF59BF5}
		{950421BE-1C1B-49E6-8012-E506F9B98620} = {CD79AE55-9794-44E8-80BF-8E7753E4A008}
		{10C1D6A9-CEBC-4B63-B849-00A64F2A0CDB} = {B9023069-F972-4EB9-9097-B1675C120CE2}
		{5DBB261A-FFF7-46A5-ADCF-45FDAA5EA98B} = {10C1D6A9-CEBC-4B63-B849-00A64F2A0CDB}
		{5610454E-E354-4A10-99D3-B18B5578D572} = {B9023069-F972-4EB9-9097-B1675C120CE2}
		{1B39C681-2BB0-4D60-A17C-C36EFCEA0719} = {5610454E-E354-4A10-99D3-B18B5578D572}
		{CFB58772-FD9B-458B-82F5-0284CA5AC8D5} = {B9023069-F972-4EB9-9097-B1675C120CE2}
		{0FF4C87E-E882-4EF8-8A45-903A5F2270F7} = {CFB58772-FD9B-458B-82F5-0284CA5AC8D5}
		{FBB05480-3E5D-4BED-A0F7-EB469C3CBFE2} = {B9023069-F972-4EB9-9097-B1675C120CE2}
		{587AF029-763B-4152-91C1-FDEFF6BCBF9B} = {B9023069-F972-4EB9-9097-B1675C120CE2}
		{ED6048CA-F309-498A-83E9-B13C0D7FE93C} = {FBB05480-3E5D-4BED-A0F7-EB469C3CBFE2}
		{A5FDE2EF-DA7B-4CB0-BFAD-04B7A021BB6E} = {587AF029-763B-4152-91C1-FDEFF6BCBF9B}
	EndGlobalSection
	GlobalSection(ExtensibilityGlobals) = postSolution
		SolutionGuid = {B2044AE6-228F-4828-BC6C-BF31B6840D81}
	EndGlobalSection
EndGlobal
